
Microsoft Visual Studio Solution File, Format Version 12.00
# Visual Studio Version 17
VisualStudioVersion = 17.0.31903.59
MinimumVisualStudioVersion = 10.0.40219.1
Project("{FAE04EC0-301F-11D3-BF4B-00C04F79EFBC}") = "ConstructionEstimation.Core", "ConstructionEstimation.Core\ConstructionEstimation.Core.csproj", "{1D703FBC-DB94-498C-B2B7-0875491D8D2D}"
EndProject
Project("{FAE04EC0-301F-11D3-BF4B-00C04F79EFBC}") = "ConstructionEstimation.Infrastructure", "ConstructionEstimation.Infrastructure\ConstructionEstimation.Infrastructure.csproj", "{2D29783C-7C93-4E8B-B5D3-AF5693D9173C}"
EndProject
Project("{FAE04EC0-301F-11D3-BF4B-00C04F79EFBC}") = "ConstructionEstimation.API", "ConstructionEstimation.API\ConstructionEstimation.API.csproj", "{B186ABFC-9EAF-4076-8F8A-2752AC3F4817}"
EndProject
Global
	GlobalSection(SolutionConfigurationPlatforms) = preSolution
		Debug|Any CPU = Debug|Any CPU
		Debug|x64 = Debug|x64
		Debug|x86 = Debug|x86
		Release|Any CPU = Release|Any CPU
		Release|x64 = Release|x64
		Release|x86 = Release|x86
	EndGlobalSection
	GlobalSection(ProjectConfigurationPlatforms) = postSolution
		{1D703FBC-DB94-498C-B2B7-0875491D8D2D}.Debug|Any CPU.ActiveCfg = Debug|Any CPU
		{1D703FBC-DB94-498C-B2B7-0875491D8D2D}.Debug|Any CPU.Build.0 = Debug|Any CPU
		{1D703FBC-DB94-498C-B2B7-0875491D8D2D}.Debug|x64.ActiveCfg = Debug|Any CPU
		{1D703FBC-DB94-498C-B2B7-0875491D8D2D}.Debug|x64.Build.0 = Debug|Any CPU
		{1D703FBC-DB94-498C-B2B7-0875491D8D2D}.Debug|x86.ActiveCfg = Debug|Any CPU
		{1D703FBC-DB94-498C-B2B7-0875491D8D2D}.Debug|x86.Build.0 = Debug|Any CPU
		{1D703FBC-DB94-498C-B2B7-0875491D8D2D}.Release|Any CPU.ActiveCfg = Release|Any CPU
		{1D703FBC-DB94-498C-B2B7-0875491D8D2D}.Release|Any CPU.Build.0 = Release|Any CPU
		{1D703FBC-DB94-498C-B2B7-0875491D8D2D}.Release|x64.ActiveCfg = Release|Any CPU
		{1D703FBC-DB94-498C-B2B7-0875491D8D2D}.Release|x64.Build.0 = Release|Any CPU
		{1D703FBC-DB94-498C-B2B7-0875491D8D2D}.Release|x86.ActiveCfg = Release|Any CPU
		{1D703FBC-DB94-498C-B2B7-0875491D8D2D}.Release|x86.Build.0 = Release|Any CPU
		{2D29783C-7C93-4E8B-B5D3-AF5693D9173C}.Debug|Any CPU.ActiveCfg = Debug|Any CPU
		{2D29783C-7C93-4E8B-B5D3-AF5693D9173C}.Debug|Any CPU.Build.0 = Debug|Any CPU
		{2D29783C-7C93-4E8B-B5D3-AF5693D9173C}.Debug|x64.ActiveCfg = Debug|Any CPU
		{2D29783C-7C93-4E8B-B5D3-AF5693D9173C}.Debug|x64.Build.0 = Debug|Any CPU
		{2D29783C-7C93-4E8B-B5D3-AF5693D9173C}.Debug|x86.ActiveCfg = Debug|Any CPU
		{2D29783C-7C93-4E8B-B5D3-AF5693D9173C}.Debug|x86.Build.0 = Debug|Any CPU
		{2D29783C-7C93-4E8B-B5D3-AF5693D9173C}.Release|Any CPU.ActiveCfg = Release|Any CPU
		{2D29783C-7C93-4E8B-B5D3-AF5693D9173C}.Release|Any CPU.Build.0 = Release|Any CPU
		{2D29783C-7C93-4E8B-B5D3-AF5693D9173C}.Release|x64.ActiveCfg = Release|Any CPU
		{2D29783C-7C93-4E8B-B5D3-AF5693D9173C}.Release|x64.Build.0 = Release|Any CPU
		{2D29783C-7C93-4E8B-B5D3-AF5693D9173C}.Release|x86.ActiveCfg = Release|Any CPU
		{2D29783C-7C93-4E8B-B5D3-AF5693D9173C}.Release|x86.Build.0 = Release|Any CPU
		{B186ABFC-9EAF-4076-8F8A-2752AC3F4817}.Debug|Any CPU.ActiveCfg = Debug|Any CPU
		{B186ABFC-9EAF-4076-8F8A-2752AC3F4817}.Debug|Any CPU.Build.0 = Debug|Any CPU
		{B186ABFC-9EAF-4076-8F8A-2752AC3F4817}.Debug|x64.ActiveCfg = Debug|Any CPU
		{B186ABFC-9EAF-4076-8F8A-2752AC3F4817}.Debug|x64.Build.0 = Debug|Any CPU
		{B186ABFC-9EAF-4076-8F8A-2752AC3F4817}.Debug|x86.ActiveCfg = Debug|Any CPU
		{B186ABFC-9EAF-4076-8F8A-2752AC3F4817}.Debug|x86.Build.0 = Debug|Any CPU
		{B186ABFC-9EAF-4076-8F8A-2752AC3F4817}.Release|Any CPU.ActiveCfg = Release|Any CPU
		{B186ABFC-9EAF-4076-8F8A-2752AC3F4817}.Release|Any CPU.Build.0 = Release|Any CPU
		{B186ABFC-9EAF-4076-8F8A-2752AC3F4817}.Release|x64.ActiveCfg = Release|Any CPU
		{B186ABFC-9EAF-4076-8F8A-2752AC3F4817}.Release|x64.Build.0 = Release|Any CPU
		{B186ABFC-9EAF-4076-8F8A-2752AC3F4817}.Release|x86.ActiveCfg = Release|Any CPU
		{B186ABFC-9EAF-4076-8F8A-2752AC3F4817}.Release|x86.Build.0 = Release|Any CPU
	EndGlobalSection
	GlobalSection(SolutionProperties) = preSolution
		HideSolutionNode = FALSE
	EndGlobalSection
EndGlobal
